
Microsoft Visual Studio Solution File, Format Version 12.00
# Visual Studio Version 16
VisualStudioVersion = 16.0.30413.136
MinimumVisualStudioVersion = 10.0.40219.1
Project("{FAE04EC0-301F-11D3-BF4B-00C04F79EFBC}") = "DeliveryOptionFinder", "DeliveryOptionFinder.csproj", "{C2CEC472-9E9A-41DE-89DA-BEEE40BB4C0C}"
EndProject
Project("{FAE04EC0-301F-11D3-BF4B-00C04F79EFBC}") = "DeliveryOptionsDAL", "..\DeliveryOptions\DeliveryOptionsDAL.csproj", "{62B45B4E-3940-4E19-A8A4-520C588DE81E}"
EndProject
Project("{FAE04EC0-301F-11D3-BF4B-00C04F79EFBC}") = "DeliveryOptionsService", "..\DeliveryOptionService\DeliveryOptionsService.csproj", "{CFE5036C-E237-4A0B-B4EC-B8629F92A23C}"
EndProject
Global
	GlobalSection(SolutionConfigurationPlatforms) = preSolution
		Debug|Any CPU = Debug|Any CPU
		Release|Any CPU = Release|Any CPU
	EndGlobalSection
	GlobalSection(ProjectConfigurationPlatforms) = postSolution
		{C2CEC472-9E9A-41DE-89DA-BEEE40BB4C0C}.Debug|Any CPU.ActiveCfg = Debug|Any CPU
		{C2CEC472-9E9A-41DE-89DA-BEEE40BB4C0C}.Debug|Any CPU.Build.0 = Debug|Any CPU
		{C2CEC472-9E9A-41DE-89DA-BEEE40BB4C0C}.Release|Any CPU.ActiveCfg = Release|Any CPU
		{C2CEC472-9E9A-41DE-89DA-BEEE40BB4C0C}.Release|Any CPU.Build.0 = Release|Any CPU
		{62B45B4E-3940-4E19-A8A4-520C588DE81E}.Debug|Any CPU.ActiveCfg = Debug|Any CPU
		{62B45B4E-3940-4E19-A8A4-520C588DE81E}.Debug|Any CPU.Build.0 = Debug|Any CPU
		{62B45B4E-3940-4E19-A8A4-520C588DE81E}.Release|Any CPU.ActiveCfg = Release|Any CPU
		{62B45B4E-3940-4E19-A8A4-520C588DE81E}.Release|Any CPU.Build.0 = Release|Any CPU
		{CFE5036C-E237-4A0B-B4EC-B8629F92A23C}.Debug|Any CPU.ActiveCfg = Debug|Any CPU
		{CFE5036C-E237-4A0B-B4EC-B8629F92A23C}.Debug|Any CPU.Build.0 = Debug|Any CPU
		{CFE5036C-E237-4A0B-B4EC-B8629F92A23C}.Release|Any CPU.ActiveCfg = Release|Any CPU
		{CFE5036C-E237-4A0B-B4EC-B8629F92A23C}.Release|Any CPU.Build.0 = Release|Any CPU
	EndGlobalSection
	GlobalSection(SolutionProperties) = preSolution
		HideSolutionNode = FALSE
	EndGlobalSection
	GlobalSection(ExtensibilityGlobals) = postSolution
		SolutionGuid = {5226F56C-89D1-4D71-A6A0-B909B3ACF48C}
	EndGlobalSection
EndGlobal
